
Microsoft Visual Studio Solution File, Format Version 12.00
# Visual Studio 15
Project("{FAE04EC0-301F-11D3-BF4B-00C04F79EFBC}") = "ExemploPinXamarin.Android", "ExemploPinXamarin.Android\ExemploPinXamarin.Android.csproj", "{69EAD61A-6660-4FD4-8AB7-00A87A46D793}"
EndProject
Project("{FAE04EC0-301F-11D3-BF4B-00C04F79EFBC}") = "ExemploPinXamarin.iOS", "ExemploPinXamarin.iOS\ExemploPinXamarin.iOS.csproj", "{2A7FBBA1-7777-40AD-ADE7-AAC65964BB90}"
EndProject
Project("{FAE04EC0-301F-11D3-BF4B-00C04F79EFBC}") = "ExemploPinXamarin", "ExemploPinXamarin\ExemploPinXamarin.csproj", "{663374D9-7932-4632-8B1C-A20BD12AFEA0}"
EndProject
Global
	GlobalSection(SolutionConfigurationPlatforms) = preSolution
		Debug|Any CPU = Debug|Any CPU
		Release|Any CPU = Release|Any CPU
		Debug|iPhoneSimulator = Debug|iPhoneSimulator
		Release|iPhoneSimulator = Release|iPhoneSimulator
		Debug|iPhone = Debug|iPhone
		Release|iPhone = Release|iPhone
	EndGlobalSection
	GlobalSection(ProjectConfigurationPlatforms) = postSolution
		{69EAD61A-6660-4FD4-8AB7-00A87A46D793}.Debug|Any CPU.ActiveCfg = Debug|Any CPU
		{69EAD61A-6660-4FD4-8AB7-00A87A46D793}.Debug|Any CPU.Build.0 = Debug|Any CPU
		{69EAD61A-6660-4FD4-8AB7-00A87A46D793}.Release|Any CPU.ActiveCfg = Release|Any CPU
		{69EAD61A-6660-4FD4-8AB7-00A87A46D793}.Release|Any CPU.Build.0 = Release|Any CPU
		{69EAD61A-6660-4FD4-8AB7-00A87A46D793}.Debug|iPhoneSimulator.ActiveCfg = Debug|Any CPU
		{69EAD61A-6660-4FD4-8AB7-00A87A46D793}.Debug|iPhoneSimulator.Build.0 = Debug|Any CPU
		{69EAD61A-6660-4FD4-8AB7-00A87A46D793}.Release|iPhoneSimulator.ActiveCfg = Release|Any CPU
		{69EAD61A-6660-4FD4-8AB7-00A87A46D793}.Release|iPhoneSimulator.Build.0 = Release|Any CPU
		{69EAD61A-6660-4FD4-8AB7-00A87A46D793}.Debug|iPhone.ActiveCfg = Debug|Any CPU
		{69EAD61A-6660-4FD4-8AB7-00A87A46D793}.Debug|iPhone.Build.0 = Debug|Any CPU
		{69EAD61A-6660-4FD4-8AB7-00A87A46D793}.Release|iPhone.ActiveCfg = Release|Any CPU
		{69EAD61A-6660-4FD4-8AB7-00A87A46D793}.Release|iPhone.Build.0 = Release|Any CPU
		{2A7FBBA1-7777-40AD-ADE7-AAC65964BB90}.Debug|Any CPU.ActiveCfg = Debug|iPhoneSimulator
		{2A7FBBA1-7777-40AD-ADE7-AAC65964BB90}.Debug|Any CPU.Build.0 = Debug|iPhoneSimulator
		{2A7FBBA1-7777-40AD-ADE7-AAC65964BB90}.Release|Any CPU.ActiveCfg = Release|iPhoneSimulator
		{2A7FBBA1-7777-40AD-ADE7-AAC65964BB90}.Release|Any CPU.Build.0 = Release|iPhoneSimulator
		{2A7FBBA1-7777-40AD-ADE7-AAC65964BB90}.Debug|iPhoneSimulator.ActiveCfg = Debug|iPhoneSimulator
		{2A7FBBA1-7777-40AD-ADE7-AAC65964BB90}.Debug|iPhoneSimulator.Build.0 = Debug|iPhoneSimulator
		{2A7FBBA1-7777-40AD-ADE7-AAC65964BB90}.Release|iPhoneSimulator.ActiveCfg = Release|iPhoneSimulator
		{2A7FBBA1-7777-40AD-ADE7-AAC65964BB90}.Release|iPhoneSimulator.Build.0 = Release|iPhoneSimulator
		{2A7FBBA1-7777-40AD-ADE7-AAC65964BB90}.Debug|iPhone.ActiveCfg = Debug|iPhone
		{2A7FBBA1-7777-40AD-ADE7-AAC65964BB90}.Debug|iPhone.Build.0 = Debug|iPhone
		{2A7FBBA1-7777-40AD-ADE7-AAC65964BB90}.Release|iPhone.ActiveCfg = Release|iPhone
		{2A7FBBA1-7777-40AD-ADE7-AAC65964BB90}.Release|iPhone.Build.0 = Release|iPhone
		{663374D9-7932-4632-8B1C-A20BD12AFEA0}.Debug|Any CPU.ActiveCfg = Debug|Any CPU
		{663374D9-7932-4632-8B1C-A20BD12AFEA0}.Debug|Any CPU.Build.0 = Debug|Any CPU
		{663374D9-7932-4632-8B1C-A20BD12AFEA0}.Release|Any CPU.ActiveCfg = Release|Any CPU
		{663374D9-7932-4632-8B1C-A20BD12AFEA0}.Release|Any CPU.Build.0 = Release|Any CPU
		{663374D9-7932-4632-8B1C-A20BD12AFEA0}.Debug|iPhoneSimulator.ActiveCfg = Debug|Any CPU
		{663374D9-7932-4632-8B1C-A20BD12AFEA0}.Debug|iPhoneSimulator.Build.0 = Debug|Any CPU
		{663374D9-7932-4632-8B1C-A20BD12AFEA0}.Release|iPhoneSimulator.ActiveCfg = Release|Any CPU
		{663374D9-7932-4632-8B1C-A20BD12AFEA0}.Release|iPhoneSimulator.Build.0 = Release|Any CPU
		{663374D9-7932-4632-8B1C-A20BD12AFEA0}.Debug|iPhone.ActiveCfg = Debug|Any CPU
		{663374D9-7932-4632-8B1C-A20BD12AFEA0}.Debug|iPhone.Build.0 = Debug|Any CPU
		{663374D9-7932-4632-8B1C-A20BD12AFEA0}.Release|iPhone.ActiveCfg = Release|Any CPU
		{663374D9-7932-4632-8B1C-A20BD12AFEA0}.Release|iPhone.Build.0 = Release|Any CPU
	EndGlobalSection
EndGlobal
